// !$*UTF8*$!
{
	archiveVersion = 1;
	classes = {
	};
	objectVersion = 50;
	objects = {

/* Begin PBXBuildFile section */
		C0304C2E24C660FC00648277 /* AppDelegate.swift in Sources */ = {isa = PBXBuildFile; fileRef = C0304C2D24C660FC00648277 /* AppDelegate.swift */; };
		C0304C3024C660FC00648277 /* SceneDelegate.swift in Sources */ = {isa = PBXBuildFile; fileRef = C0304C2F24C660FC00648277 /* SceneDelegate.swift */; };
		C0304C3324C660FC00648277 /* Counter2.xcdatamodeld in Sources */ = {isa = PBXBuildFile; fileRef = C0304C3124C660FC00648277 /* Counter2.xcdatamodeld */; };
		C0304C3524C660FC00648277 /* ContentView.swift in Sources */ = {isa = PBXBuildFile; fileRef = C0304C3424C660FC00648277 /* ContentView.swift */; };
		C0304C3724C660FD00648277 /* Assets.xcassets in Resources */ = {isa = PBXBuildFile; fileRef = C0304C3624C660FD00648277 /* Assets.xcassets */; };
		C0304C3A24C660FD00648277 /* Preview Assets.xcassets in Resources */ = {isa = PBXBuildFile; fileRef = C0304C3924C660FD00648277 /* Preview Assets.xcassets */; };
		C0304C3D24C660FD00648277 /* LaunchScreen.storyboard in Resources */ = {isa = PBXBuildFile; fileRef = C0304C3B24C660FD00648277 /* LaunchScreen.storyboard */; };
		C0304C4724C6615000648277 /* CloudKit.framework in Frameworks */ = {isa = PBXBuildFile; fileRef = C0304C4624C6615000648277 /* CloudKit.framework */; };
		C0304C5124C7461100648277 /* CounterItemView.swift in Sources */ = {isa = PBXBuildFile; fileRef = C0304C5024C7461100648277 /* CounterItemView.swift */; };
/* End PBXBuildFile section */

/* Begin PBXFileReference section */
		C0304C2A24C660FC00648277 /* Counter.app */ = {isa = PBXFileReference; explicitFileType = wrapper.application; includeInIndex = 0; path = Counter.app; sourceTree = BUILT_PRODUCTS_DIR; };
		C0304C2D24C660FC00648277 /* AppDelegate.swift */ = {isa = PBXFileReference; lastKnownFileType = sourcecode.swift; path = AppDelegate.swift; sourceTree = "<group>"; };
		C0304C2F24C660FC00648277 /* SceneDelegate.swift */ = {isa = PBXFileReference; lastKnownFileType = sourcecode.swift; path = SceneDelegate.swift; sourceTree = "<group>"; };
		C0304C3224C660FC00648277 /* Counter2.xcdatamodel */ = {isa = PBXFileReference; lastKnownFileType = wrapper.xcdatamodel; path = Counter2.xcdatamodel; sourceTree = "<group>"; };
		C0304C3424C660FC00648277 /* ContentView.swift */ = {isa = PBXFileReference; lastKnownFileType = sourcecode.swift; path = ContentView.swift; sourceTree = "<group>"; };
		C0304C3624C660FD00648277 /* Assets.xcassets */ = {isa = PBXFileReference; lastKnownFileType = folder.assetcatalog; path = Assets.xcassets; sourceTree = "<group>"; };
		C0304C3924C660FD00648277 /* Preview Assets.xcassets */ = {isa = PBXFileReference; lastKnownFileType = folder.assetcatalog; path = "Preview Assets.xcassets"; sourceTree = "<group>"; };
		C0304C3C24C660FD00648277 /* Base */ = {isa = PBXFileReference; lastKnownFileType = file.storyboard; name = Base; path = Base.lproj/LaunchScreen.storyboard; sourceTree = "<group>"; };
		C0304C3E24C660FD00648277 /* Info.plist */ = {isa = PBXFileReference; lastKnownFileType = text.plist.xml; path = Info.plist; sourceTree = "<group>"; };
		C0304C4424C6614600648277 /* Counter2.entitlements */ = {isa = PBXFileReference; lastKnownFileType = text.plist.entitlements; path = Counter2.entitlements; sourceTree = "<group>"; };
		C0304C4624C6615000648277 /* CloudKit.framework */ = {isa = PBXFileReference; lastKnownFileType = wrapper.framework; name = CloudKit.framework; path = System/Library/Frameworks/CloudKit.framework; sourceTree = SDKROOT; };
		C0304C5024C7461100648277 /* CounterItemView.swift */ = {isa = PBXFileReference; lastKnownFileType = sourcecode.swift; path = CounterItemView.swift; sourceTree = "<group>"; };
/* End PBXFileReference section */

/* Begin PBXFrameworksBuildPhase section */
		C0304C2724C660FC00648277 /* Frameworks */ = {
			isa = PBXFrameworksBuildPhase;
			buildActionMask = 2147483647;
			files = (
				C0304C4724C6615000648277 /* CloudKit.framework in Frameworks */,
			);
			runOnlyForDeploymentPostprocessing = 0;
		};
/* End PBXFrameworksBuildPhase section */

/* Begin PBXGroup section */
		C0304C2124C660FC00648277 = {
			isa = PBXGroup;
			children = (
				C0304C2C24C660FC00648277 /* Counter2 */,
				C0304C2B24C660FC00648277 /* Products */,
				C0304C4524C6615000648277 /* Frameworks */,
			);
			sourceTree = "<group>";
		};
		C0304C2B24C660FC00648277 /* Products */ = {
			isa = PBXGroup;
			children = (
				C0304C2A24C660FC00648277 /* Counter.app */,
			);
			name = Products;
			sourceTree = "<group>";
		};
		C0304C2C24C660FC00648277 /* Counter2 */ = {
			isa = PBXGroup;
			children = (
				C0304C4424C6614600648277 /* Counter2.entitlements */,
				C0304C2D24C660FC00648277 /* AppDelegate.swift */,
				C0304C2F24C660FC00648277 /* SceneDelegate.swift */,
				C0304C3424C660FC00648277 /* ContentView.swift */,
				C0304C5024C7461100648277 /* CounterItemView.swift */,
				C0304C3624C660FD00648277 /* Assets.xcassets */,
				C0304C3B24C660FD00648277 /* LaunchScreen.storyboard */,
				C0304C3E24C660FD00648277 /* Info.plist */,
				C0304C3124C660FC00648277 /* Counter2.xcdatamodeld */,
				C0304C3824C660FD00648277 /* Preview Content */,
			);
			path = Counter2;
			sourceTree = "<group>";
		};
		C0304C3824C660FD00648277 /* Preview Content */ = {
			isa = PBXGroup;
			children = (
				C0304C3924C660FD00648277 /* Preview Assets.xcassets */,
			);
			path = "Preview Content";
			sourceTree = "<group>";
		};
		C0304C4524C6615000648277 /* Frameworks */ = {
			isa = PBXGroup;
			children = (
				C0304C4624C6615000648277 /* CloudKit.framework */,
			);
			name = Frameworks;
			sourceTree = "<group>";
		};
/* End PBXGroup section */

/* Begin PBXNativeTarget section */
		C0304C2924C660FC00648277 /* Counter2 */ = {
			isa = PBXNativeTarget;
			buildConfigurationList = C0304C4124C660FD00648277 /* Build configuration list for PBXNativeTarget "Counter2" */;
			buildPhases = (
				C0304C2624C660FC00648277 /* Sources */,
				C0304C2724C660FC00648277 /* Frameworks */,
				C0304C2824C660FC00648277 /* Resources */,
			);
			buildRules = (
			);
			dependencies = (
			);
			name = Counter2;
			productName = Counter2;
			productReference = C0304C2A24C660FC00648277 /* Counter.app */;
			productType = "com.apple.product-type.application";
		};
/* End PBXNativeTarget section */

/* Begin PBXProject section */
		C0304C2224C660FC00648277 /* Project object */ = {
			isa = PBXProject;
			attributes = {
				LastSwiftUpdateCheck = 1160;
				LastUpgradeCheck = 1160;
				ORGANIZATIONNAME = "Viraj Chitnis";
				TargetAttributes = {
					C0304C2924C660FC00648277 = {
						CreatedOnToolsVersion = 11.6;
					};
				};
			};
			buildConfigurationList = C0304C2524C660FC00648277 /* Build configuration list for PBXProject "Counter2" */;
			compatibilityVersion = "Xcode 9.3";
			developmentRegion = en;
			hasScannedForEncodings = 0;
			knownRegions = (
				en,
				Base,
			);
			mainGroup = C0304C2124C660FC00648277;
			productRefGroup = C0304C2B24C660FC00648277 /* Products */;
			projectDirPath = "";
			projectRoot = "";
			targets = (
				C0304C2924C660FC00648277 /* Counter2 */,
			);
		};
/* End PBXProject section */

/* Begin PBXResourcesBuildPhase section */
		C0304C2824C660FC00648277 /* Resources */ = {
			isa = PBXResourcesBuildPhase;
			buildActionMask = 2147483647;
			files = (
				C0304C3D24C660FD00648277 /* LaunchScreen.storyboard in Resources */,
				C0304C3A24C660FD00648277 /* Preview Assets.xcassets in Resources */,
				C0304C3724C660FD00648277 /* Assets.xcassets in Resources */,
			);
			runOnlyForDeploymentPostprocessing = 0;
		};
/* End PBXResourcesBuildPhase section */

/* Begin PBXSourcesBuildPhase section */
		C0304C2624C660FC00648277 /* Sources */ = {
			isa = PBXSourcesBuildPhase;
			buildActionMask = 2147483647;
			files = (
				C0304C5124C7461100648277 /* CounterItemView.swift in Sources */,
				C0304C2E24C660FC00648277 /* AppDelegate.swift in Sources */,
				C0304C3024C660FC00648277 /* SceneDelegate.swift in Sources */,
				C0304C3524C660FC00648277 /* ContentView.swift in Sources */,
				C0304C3324C660FC00648277 /* Counter2.xcdatamodeld in Sources */,
			);
			runOnlyForDeploymentPostprocessing = 0;
		};
/* End PBXSourcesBuildPhase section */

/* Begin PBXVariantGroup section */
		C0304C3B24C660FD00648277 /* LaunchScreen.storyboard */ = {
			isa = PBXVariantGroup;
			children = (
				C0304C3C24C660FD00648277 /* Base */,
			);
			name = LaunchScreen.storyboard;
			sourceTree = "<group>";
		};
/* End PBXVariantGroup section */

/* Begin XCBuildConfiguration section */
		C0304C3F24C660FD00648277 /* Debug */ = {
			isa = XCBuildConfiguration;
			buildSettings = {
				ALWAYS_SEARCH_USER_PATHS = NO;
				CLANG_ANALYZER_NONNULL = YES;
				CLANG_ANALYZER_NUMBER_OBJECT_CONVERSION = YES_AGGRESSIVE;
				CLANG_CXX_LANGUAGE_STANDARD = "gnu++14";
				CLANG_CXX_LIBRARY = "libc++";
				CLANG_ENABLE_MODULES = YES;
				CLANG_ENABLE_OBJC_ARC = YES;
				CLANG_ENABLE_OBJC_WEAK = YES;
				CLANG_WARN_BLOCK_CAPTURE_AUTORELEASING = YES;
				CLANG_WARN_BOOL_CONVERSION = YES;
				CLANG_WARN_COMMA = YES;
				CLANG_WARN_CONSTANT_CONVERSION = YES;
				CLANG_WARN_DEPRECATED_OBJC_IMPLEMENTATIONS = YES;
				CLANG_WARN_DIRECT_OBJC_ISA_USAGE = YES_ERROR;
				CLANG_WARN_DOCUMENTATION_COMMENTS = YES;
				CLANG_WARN_EMPTY_BODY = YES;
				CLANG_WARN_ENUM_CONVERSION = YES;
				CLANG_WARN_INFINITE_RECURSION = YES;
				CLANG_WARN_INT_CONVERSION = YES;
				CLANG_WARN_NON_LITERAL_NULL_CONVERSION = YES;
				CLANG_WARN_OBJC_IMPLICIT_RETAIN_SELF = YES;
				CLANG_WARN_OBJC_LITERAL_CONVERSION = YES;
				CLANG_WARN_OBJC_ROOT_CLASS = YES_ERROR;
				CLANG_WARN_RANGE_LOOP_ANALYSIS = YES;
				CLANG_WARN_STRICT_PROTOTYPES = YES;
				CLANG_WARN_SUSPICIOUS_MOVE = YES;
				CLANG_WARN_UNGUARDED_AVAILABILITY = YES_AGGRESSIVE;
				CLANG_WARN_UNREACHABLE_CODE = YES;
				CLANG_WARN__DUPLICATE_METHOD_MATCH = YES;
				COPY_PHASE_STRIP = NO;
				DEBUG_INFORMATION_FORMAT = dwarf;
				ENABLE_STRICT_OBJC_MSGSEND = YES;
				ENABLE_TESTABILITY = YES;
				GCC_C_LANGUAGE_STANDARD = gnu11;
				GCC_DYNAMIC_NO_PIC = NO;
				GCC_NO_COMMON_BLOCKS = YES;
				GCC_OPTIMIZATION_LEVEL = 0;
				GCC_PREPROCESSOR_DEFINITIONS = (
					"DEBUG=1",
					"$(inherited)",
				);
				GCC_WARN_64_TO_32_BIT_CONVERSION = YES;
				GCC_WARN_ABOUT_RETURN_TYPE = YES_ERROR;
				GCC_WARN_UNDECLARED_SELECTOR = YES;
				GCC_WARN_UNINITIALIZED_AUTOS = YES_AGGRESSIVE;
				GCC_WARN_UNUSED_FUNCTION = YES;
				GCC_WARN_UNUSED_VARIABLE = YES;
				IPHONEOS_DEPLOYMENT_TARGET = 13.6;
				MTL_ENABLE_DEBUG_INFO = INCLUDE_SOURCE;
				MTL_FAST_MATH = YES;
				ONLY_ACTIVE_ARCH = YES;
				SDKROOT = iphoneos;
				SWIFT_ACTIVE_COMPILATION_CONDITIONS = DEBUG;
				SWIFT_OPTIMIZATION_LEVEL = "-Onone";
			};
			name = Debug;
		};
		C0304C4024C660FD00648277 /* Release */ = {
			isa = XCBuildConfiguration;
			buildSettings = {
				ALWAYS_SEARCH_USER_PATHS = NO;
				CLANG_ANALYZER_NONNULL = YES;
				CLANG_ANALYZER_NUMBER_OBJECT_CONVERSION = YES_AGGRESSIVE;
				CLANG_CXX_LANGUAGE_STANDARD = "gnu++14";
				CLANG_CXX_LIBRARY = "libc++";
				CLANG_ENABLE_MODULES = YES;
				CLANG_ENABLE_OBJC_ARC = YES;
				CLANG_ENABLE_OBJC_WEAK = YES;
				CLANG_WARN_BLOCK_CAPTURE_AUTORELEASING = YES;
				CLANG_WARN_BOOL_CONVERSION = YES;
				CLANG_WARN_COMMA = YES;
				CLANG_WARN_CONSTANT_CONVERSION = YES;
				CLANG_WARN_DEPRECATED_OBJC_IMPLEMENTATIONS = YES;
				CLANG_WARN_DIRECT_OBJC_ISA_USAGE = YES_ERROR;
				CLANG_WARN_DOCUMENTATION_COMMENTS = YES;
				CLANG_WARN_EMPTY_BODY = YES;
				CLANG_WARN_ENUM_CONVERSION = YES;
				CLANG_WARN_INFINITE_RECURSION = YES;
				CLANG_WARN_INT_CONVERSION = YES;
				CLANG_WARN_NON_LITERAL_NULL_CONVERSION = YES;
				CLANG_WARN_OBJC_IMPLICIT_RETAIN_SELF = YES;
				CLANG_WARN_OBJC_LITERAL_CONVERSION = YES;
				CLANG_WARN_OBJC_ROOT_CLASS = YES_ERROR;
				CLANG_WARN_RANGE_LOOP_ANALYSIS = YES;
				CLANG_WARN_STRICT_PROTOTYPES = YES;
				CLANG_WARN_SUSPICIOUS_MOVE = YES;
				CLANG_WARN_UNGUARDED_AVAILABILITY = YES_AGGRESSIVE;
				CLANG_WARN_UNREACHABLE_CODE = YES;
				CLANG_WARN__DUPLICATE_METHOD_MATCH = YES;
				COPY_PHASE_STRIP = NO;
				DEBUG_INFORMATION_FORMAT = "dwarf-with-dsym";
				ENABLE_NS_ASSERTIONS = NO;
				ENABLE_STRICT_OBJC_MSGSEND = YES;
				GCC_C_LANGUAGE_STANDARD = gnu11;
				GCC_NO_COMMON_BLOCKS = YES;
				GCC_WARN_64_TO_32_BIT_CONVERSION = YES;
				GCC_WARN_ABOUT_RETURN_TYPE = YES_ERROR;
				GCC_WARN_UNDECLARED_SELECTOR = YES;
				GCC_WARN_UNINITIALIZED_AUTOS = YES_AGGRESSIVE;
				GCC_WARN_UNUSED_FUNCTION = YES;
				GCC_WARN_UNUSED_VARIABLE = YES;
				IPHONEOS_DEPLOYMENT_TARGET = 13.6;
				MTL_ENABLE_DEBUG_INFO = NO;
				MTL_FAST_MATH = YES;
				SDKROOT = iphoneos;
				SWIFT_COMPILATION_MODE = wholemodule;
				SWIFT_OPTIMIZATION_LEVEL = "-O";
				VALIDATE_PRODUCT = YES;
			};
			name = Release;
		};
		C0304C4224C660FD00648277 /* Debug */ = {
			isa = XCBuildConfiguration;
			buildSettings = {
				ASSETCATALOG_COMPILER_APPICON_NAME = AppIcon;
				CODE_SIGN_ENTITLEMENTS = Counter2/Counter2.entitlements;
				CODE_SIGN_STYLE = Automatic;
				DEVELOPMENT_ASSET_PATHS = "\"Counter2/Preview Content\"";
				DEVELOPMENT_TEAM = 2NHYU6WRMR;
				ENABLE_PREVIEWS = YES;
				INFOPLIST_FILE = Counter2/Info.plist;
				LD_RUNPATH_SEARCH_PATHS = (
					"$(inherited)",
					"@executable_path/Frameworks",
				);
				PRODUCT_BUNDLE_IDENTIFIER = com.virajchitnis.Counter2;
				PRODUCT_NAME = Counter;
				SWIFT_VERSION = 5.0;
				TARGETED_DEVICE_FAMILY = "1,2";
			};
			name = Debug;
		};
		C0304C4324C660FD00648277 /* Release */ = {
			isa = XCBuildConfiguration;
			buildSettings = {
				ASSETCATALOG_COMPILER_APPICON_NAME = AppIcon;
				CODE_SIGN_ENTITLEMENTS = Counter2/Counter2.entitlements;
				CODE_SIGN_STYLE = Automatic;
				DEVELOPMENT_ASSET_PATHS = "\"Counter2/Preview Content\"";
				DEVELOPMENT_TEAM = 2NHYU6WRMR;
				ENABLE_PREVIEWS = YES;
				INFOPLIST_FILE = Counter2/Info.plist;
				LD_RUNPATH_SEARCH_PATHS = (
					"$(inherited)",
					"@executable_path/Frameworks",
				);
				PRODUCT_BUNDLE_IDENTIFIER = com.virajchitnis.Counter2;
				PRODUCT_NAME = Counter;
				SWIFT_VERSION = 5.0;
				TARGETED_DEVICE_FAMILY = "1,2";
			};
			name = Release;
		};
/* End XCBuildConfiguration section */

/* Begin XCConfigurationList section */
		C0304C2524C660FC00648277 /* Build configuration list for PBXProject "Counter2" */ = {
			isa = XCConfigurationList;
			buildConfigurations = (
				C0304C3F24C660FD00648277 /* Debug */,
				C0304C4024C660FD00648277 /* Release */,
			);
			defaultConfigurationIsVisible = 0;
			defaultConfigurationName = Release;
		};
		C0304C4124C660FD00648277 /* Build configuration list for PBXNativeTarget "Counter2" */ = {
			isa = XCConfigurationList;
			buildConfigurations = (
				C0304C4224C660FD00648277 /* Debug */,
				C0304C4324C660FD00648277 /* Release */,
			);
			defaultConfigurationIsVisible = 0;
			defaultConfigurationName = Release;
		};
/* End XCConfigurationList section */

/* Begin XCVersionGroup section */
		C0304C3124C660FC00648277 /* Counter2.xcdatamodeld */ = {
			isa = XCVersionGroup;
			children = (
				C0304C3224C660FC00648277 /* Counter2.xcdatamodel */,
			);
			currentVersion = C0304C3224C660FC00648277 /* Counter2.xcdatamodel */;
			path = Counter2.xcdatamodeld;
			sourceTree = "<group>";
			versionGroupType = wrapper.xcdatamodel;
		};
/* End XCVersionGroup section */
	};
	rootObject = C0304C2224C660FC00648277 /* Project object */;
}
